PODS:
  - Amplitude (6.0.0)
  - Analytics (4.0.4)
  - AppAuth (1.4.0):
    - AppAuth/Core (= 1.4.0)
    - AppAuth/ExternalUserAgent (= 1.4.0)
  - AppAuth/Core (1.4.0)
  - AppAuth/ExternalUserAgent (1.4.0)
  - boost-for-react-native (1.63.0)
  - CocoaLumberjack (3.7.4):
    - CocoaLumberjack/Core (= 3.7.4)
  - CocoaLumberjack/Core (3.7.4)
  - DoubleConversion (1.1.6)
  - EXAmplitude (11.0.1):
    - Amplitude (~> 6.0.0)
    - ExpoModulesCore
  - EXAppAuth (11.0.1):
    - AppAuth (~> 1.2)
    - ExpoModulesCore
  - EXApplication (4.0.0):
    - ExpoModulesCore
  - EXAV (10.1.0):
    - ExpoModulesCore
  - EXBackgroundFetch (10.0.1):
    - ExpoModulesCore
    - UMTaskManagerInterface
  - EXBattery (6.0.1):
    - ExpoModulesCore
  - EXBlur (10.0.1):
    - ExpoModulesCore
  - EXBrightness (10.0.1):
    - ExpoModulesCore
  - EXCalendar (10.0.1):
    - ExpoModulesCore
  - EXCellular (4.0.0):
    - ExpoModulesCore
  - EXClipboard (2.0.1):
    - ExpoModulesCore
  - EXConstants (12.1.0):
    - ExpoModulesCore
  - EXContacts (10.0.1):
    - ExpoModulesCore
  - EXCrypto (10.0.1):
    - ExpoModulesCore
  - EXDevice (4.0.1):
    - ExpoModulesCore
  - EXDocumentPicker (10.0.1):
    - ExpoModulesCore
  - EXErrorRecovery (3.0.1):
    - ExpoModulesCore
  - EXFileSystem (13.0.1):
    - ExpoModulesCore
  - EXFont (10.0.1):
    - ExpoModulesCore
  - EXGL (11.0.1):
    - EXGL_CPP
    - ExpoModulesCore
  - EXGL_CPP (11.0.0):
    - React-jsi
  - EXImage (0.1.0):
    - React-Core
    - SVGKit (~> 2.1)
  - EXImageLoader (3.0.0):
    - ExpoModulesCore
    - React-Core
  - EXImageManipulator (10.1.0):
    - EXImageLoader
    - ExpoModulesCore
  - EXImagePicker (11.0.1):
    - ExpoModulesCore
  - EXInAppPurchases (12.0.0):
    - ExpoModulesCore
  - EXJSONUtils (0.2.0)
  - EXKeepAwake (10.0.0):
    - ExpoModulesCore
  - EXLinearGradient (10.0.1):
    - ExpoModulesCore
  - EXLocalAuthentication (12.0.0):
    - ExpoModulesCore
  - EXLocalization (11.0.0):
    - ExpoModulesCore
  - EXLocation (13.0.1):
    - ExpoModulesCore
    - UMTaskManagerInterface
  - EXMailComposer (11.0.1):
    - ExpoModulesCore
  - EXManifests (0.2.1):
    - EXJSONUtils
  - EXMediaLibrary (13.0.1):
    - ExpoModulesCore
    - React-Core
  - EXNetwork (4.0.1):
    - ExpoModulesCore
  - EXNotifications (0.13.1):
    - ExpoModulesCore
  - EXPermissions (13.0.1):
    - ExpoModulesCore
  - Expo (43.0.0-beta.3):
    - ExpoModulesCore
  - expo-dev-client (0.6.0):
    - EXManifests
    - expo-dev-launcher
    - expo-dev-menu
    - expo-dev-menu-interface
    - EXUpdatesInterface
  - expo-dev-launcher (0.8.1):
    - EXManifests
    - expo-dev-launcher/Main (= 0.8.1)
    - expo-dev-menu-interface
    - EXUpdatesInterface
    - React-Core
  - expo-dev-launcher/Main (0.8.1):
    - EXManifests
    - expo-dev-launcher/Unsafe
    - expo-dev-menu-interface
    - EXUpdatesInterface
    - React-Core
  - expo-dev-launcher/Tests (0.8.1):
    - EXManifests
    - expo-dev-menu-interface
    - EXUpdatesInterface
    - React-Core
    - React-CoreModules
  - expo-dev-launcher/Unsafe (0.8.1):
    - EXManifests
    - expo-dev-menu-interface
    - EXUpdatesInterface
    - React-Core
  - expo-dev-menu (0.8.2):
    - expo-dev-menu-interface
    - expo-dev-menu/Main (= 0.8.2)
    - React-Core
  - expo-dev-menu-interface (0.4.1)
  - expo-dev-menu/Main (0.8.2):
    - expo-dev-menu-interface
    - expo-dev-menu/Vendored
    - React-Core
  - expo-dev-menu/Tests (0.8.2):
    - expo-dev-menu-interface
    - Nimble
    - Quick
    - React-Core
    - React-CoreModules
  - expo-dev-menu/UITests (0.8.2):
    - expo-dev-menu-interface
    - React
    - React-Core
    - React-CoreModules
  - expo-dev-menu/Vendored (0.8.2):
    - expo-dev-menu-interface
    - React-Core
  - ExpoModulesCore (0.4.2):
    - React-Core
    - ReactCommon/turbomodule/core
  - EXPrint (11.0.1):
    - ExpoModulesCore
  - EXRandom (12.0.0):
    - React-Core
  - EXScreenCapture (4.0.1):
    - ExpoModulesCore
  - EXSecureStore (11.0.1):
    - ExpoModulesCore
  - EXSegment (11.0.1):
    - Analytics (= 4.0.4)
    - ExpoModulesCore
  - EXSensors (11.0.1):
    - ExpoModulesCore
  - EXSharing (10.0.1):
    - ExpoModulesCore
  - EXSMS (10.0.1):
    - ExpoModulesCore
  - EXSpeech (10.0.1):
    - ExpoModulesCore
  - EXSplashScreen (0.13.1):
    - ExpoModulesCore
    - React-Core
  - EXSQLite (10.0.1):
    - ExpoModulesCore
  - EXStoreReview (5.0.1):
    - ExpoModulesCore
  - EXStructuredHeaders (2.0.0)
  - EXTaskManager (10.0.1):
    - ExpoModulesCore
    - UMAppLoader
    - UMTaskManagerInterface
  - EXTrackingTransparency (2.0.1):
    - ExpoModulesCore
  - EXUpdatesInterface (0.4.0)
  - EXVideoThumbnails (6.0.1):
    - ExpoModulesCore
  - FBLazyVector (0.64.2-5)
  - FBReactNativeSpec (0.64.2-5):
    - RCT-Folly (= 2020.01.13.00)
    - RCTRequired (= 0.64.2-5)
    - RCTTypeSafety (= 0.64.2-5)
    - React-Core (= 0.64.2-5)
    - React-jsi (= 0.64.2-5)
    - ReactCommon/turbomodule/core (= 0.64.2-5)
  - glog (0.3.5)
  - Nimble (9.2.0)
  - Quick (4.0.0)
  - RCT-Folly (2020.01.13.00):
    - boost-for-react-native
    - DoubleConversion
    - glog
    - RCT-Folly/Default (= 2020.01.13.00)
  - RCT-Folly/Default (2020.01.13.00):
    - boost-for-react-native
    - DoubleConversion
    - glog
  - RCTRequired (0.64.2-5)
  - RCTTypeSafety (0.64.2-5):
    - FBLazyVector (= 0.64.2-5)
    - RCT-Folly (= 2020.01.13.00)
    - RCTRequired (= 0.64.2-5)
    - React-Core (= 0.64.2-5)
  - React (0.64.2-5):
    - React-Core (= 0.64.2-5)
    - React-Core/DevSupport (= 0.64.2-5)
    - React-Core/RCTWebSocket (= 0.64.2-5)
    - React-RCTAnimation (= 0.64.2-5)
    - React-RCTBlob (= 0.64.2-5)
    - React-RCTImage (= 0.64.2-5)
    - React-RCTLinking (= 0.64.2-5)
    - React-RCTNetwork (= 0.64.2-5)
    - React-RCTSettings (= 0.64.2-5)
    - React-RCTText (= 0.64.2-5)
  - React-callinvoker (0.64.2-5)
  - React-Core (0.64.2-5):
    - glog
    - RCT-Folly (= 2020.01.13.00)
    - React-Core/Default (= 0.64.2-5)
    - React-cxxreact (= 0.64.2-5)
    - React-jsi (= 0.64.2-5)
    - React-jsiexecutor (= 0.64.2-5)
    - React-perflogger (= 0.64.2-5)
    - Yoga
  - React-Core/CoreModulesHeaders (0.64.2-5):
    - glog
    - RCT-Folly (= 2020.01.13.00)
    - React-Core/Default
    - React-cxxreact (= 0.64.2-5)
    - React-jsi (= 0.64.2-5)
    - React-jsiexecutor (= 0.64.2-5)
    - React-perflogger (= 0.64.2-5)
    - Yoga
  - React-Core/Default (0.64.2-5):
    - glog
    - RCT-Folly (= 2020.01.13.00)
    - React-cxxreact (= 0.64.2-5)
    - React-jsi (= 0.64.2-5)
    - React-jsiexecutor (= 0.64.2-5)
    - React-perflogger (= 0.64.2-5)
    - Yoga
  - React-Core/DevSupport (0.64.2-5):
    - glog
    - RCT-Folly (= 2020.01.13.00)
    - React-Core/Default (= 0.64.2-5)
    - React-Core/RCTWebSocket (= 0.64.2-5)
    - React-cxxreact (= 0.64.2-5)
    - React-jsi (= 0.64.2-5)
    - React-jsiexecutor (= 0.64.2-5)
    - React-jsinspector (= 0.64.2-5)
    - React-perflogger (= 0.64.2-5)
    - Yoga
  - React-Core/RCTAnimationHeaders (0.64.2-5):
    - glog
    - RCT-Folly (= 2020.01.13.00)
    - React-Core/Default
    - React-cxxreact (= 0.64.2-5)
    - React-jsi (= 0.64.2-5)
    - React-jsiexecutor (= 0.64.2-5)
    - React-perflogger (= 0.64.2-5)
    - Yoga
  - React-Core/RCTBlobHeaders (0.64.2-5):
    - glog
    - RCT-Folly (= 2020.01.13.00)
    - React-Core/Default
    - React-cxxreact (= 0.64.2-5)
    - React-jsi (= 0.64.2-5)
    - React-jsiexecutor (= 0.64.2-5)
    - React-perflogger (= 0.64.2-5)
    - Yoga
  - React-Core/RCTImageHeaders (0.64.2-5):
    - glog
    - RCT-Folly (= 2020.01.13.00)
    - React-Core/Default
    - React-cxxreact (= 0.64.2-5)
    - React-jsi (= 0.64.2-5)
    - React-jsiexecutor (= 0.64.2-5)
    - React-perflogger (= 0.64.2-5)
    - Yoga
  - React-Core/RCTLinkingHeaders (0.64.2-5):
    - glog
    - RCT-Folly (= 2020.01.13.00)
    - React-Core/Default
    - React-cxxreact (= 0.64.2-5)
    - React-jsi (= 0.64.2-5)
    - React-jsiexecutor (= 0.64.2-5)
    - React-perflogger (= 0.64.2-5)
    - Yoga
  - React-Core/RCTNetworkHeaders (0.64.2-5):
    - glog
    - RCT-Folly (= 2020.01.13.00)
    - React-Core/Default
    - React-cxxreact (= 0.64.2-5)
    - React-jsi (= 0.64.2-5)
    - React-jsiexecutor (= 0.64.2-5)
    - React-perflogger (= 0.64.2-5)
    - Yoga
  - React-Core/RCTSettingsHeaders (0.64.2-5):
    - glog
    - RCT-Folly (= 2020.01.13.00)
    - React-Core/Default
    - React-cxxreact (= 0.64.2-5)
    - React-jsi (= 0.64.2-5)
    - React-jsiexecutor (= 0.64.2-5)
    - React-perflogger (= 0.64.2-5)
    - Yoga
  - React-Core/RCTTextHeaders (0.64.2-5):
    - glog
    - RCT-Folly (= 2020.01.13.00)
    - React-Core/Default
    - React-cxxreact (= 0.64.2-5)
    - React-jsi (= 0.64.2-5)
    - React-jsiexecutor (= 0.64.2-5)
    - React-perflogger (= 0.64.2-5)
    - Yoga
  - React-Core/RCTWebSocket (0.64.2-5):
    - glog
    - RCT-Folly (= 2020.01.13.00)
    - React-Core/Default (= 0.64.2-5)
    - React-cxxreact (= 0.64.2-5)
    - React-jsi (= 0.64.2-5)
    - React-jsiexecutor (= 0.64.2-5)
    - React-perflogger (= 0.64.2-5)
    - Yoga
  - React-CoreModules (0.64.2-5):
    - FBReactNativeSpec (= 0.64.2-5)
    - RCT-Folly (= 2020.01.13.00)
    - RCTTypeSafety (= 0.64.2-5)
    - React-Core/CoreModulesHeaders (= 0.64.2-5)
    - React-jsi (= 0.64.2-5)
    - React-RCTImage (= 0.64.2-5)
    - ReactCommon/turbomodule/core (= 0.64.2-5)
  - React-cxxreact (0.64.2-5):
    - boost-for-react-native (= 1.63.0)
    - DoubleConversion
    - glog
    - RCT-Folly (= 2020.01.13.00)
    - React-callinvoker (= 0.64.2-5)
    - React-jsi (= 0.64.2-5)
    - React-jsinspector (= 0.64.2-5)
    - React-perflogger (= 0.64.2-5)
    - React-runtimeexecutor (= 0.64.2-5)
  - React-jsi (0.64.2-5):
    - boost-for-react-native (= 1.63.0)
    - DoubleConversion
    - glog
    - RCT-Folly (= 2020.01.13.00)
    - React-jsi/Default (= 0.64.2-5)
  - React-jsi/Default (0.64.2-5):
    - boost-for-react-native (= 1.63.0)
    - DoubleConversion
    - glog
    - RCT-Folly (= 2020.01.13.00)
  - React-jsiexecutor (0.64.2-5):
    - DoubleConversion
    - glog
    - RCT-Folly (= 2020.01.13.00)
    - React-cxxreact (= 0.64.2-5)
    - React-jsi (= 0.64.2-5)
    - React-perflogger (= 0.64.2-5)
  - React-jsinspector (0.64.2-5)
  - react-native-appearance (0.3.4):
    - React
  - react-native-netinfo (6.0.2):
    - React-Core
  - react-native-safe-area-context (3.3.2):
    - React-Core
  - react-native-segmented-control (2.4.0):
    - React-Core
  - react-native-slider (4.1.4):
    - React-Core
  - react-native-view-shot (3.1.2):
    - React
  - react-native-viewpager (5.0.11):
    - React-Core
  - react-native-webview (11.13.0):
    - React-Core
  - React-perflogger (0.64.2-5)
  - React-RCTAnimation (0.64.2-5):
    - FBReactNativeSpec (= 0.64.2-5)
    - RCT-Folly (= 2020.01.13.00)
    - RCTTypeSafety (= 0.64.2-5)
    - React-Core/RCTAnimationHeaders (= 0.64.2-5)
    - React-jsi (= 0.64.2-5)
    - ReactCommon/turbomodule/core (= 0.64.2-5)
  - React-RCTBlob (0.64.2-5):
    - FBReactNativeSpec (= 0.64.2-5)
    - RCT-Folly (= 2020.01.13.00)
    - React-Core/RCTBlobHeaders (= 0.64.2-5)
    - React-Core/RCTWebSocket (= 0.64.2-5)
    - React-jsi (= 0.64.2-5)
    - React-RCTNetwork (= 0.64.2-5)
    - ReactCommon/turbomodule/core (= 0.64.2-5)
  - React-RCTImage (0.64.2-5):
    - FBReactNativeSpec (= 0.64.2-5)
    - RCT-Folly (= 2020.01.13.00)
    - RCTTypeSafety (= 0.64.2-5)
    - React-Core/RCTImageHeaders (= 0.64.2-5)
    - React-jsi (= 0.64.2-5)
    - React-RCTNetwork (= 0.64.2-5)
    - ReactCommon/turbomodule/core (= 0.64.2-5)
  - React-RCTLinking (0.64.2-5):
    - FBReactNativeSpec (= 0.64.2-5)
    - React-Core/RCTLinkingHeaders (= 0.64.2-5)
    - React-jsi (= 0.64.2-5)
    - ReactCommon/turbomodule/core (= 0.64.2-5)
  - React-RCTNetwork (0.64.2-5):
    - FBReactNativeSpec (= 0.64.2-5)
    - RCT-Folly (= 2020.01.13.00)
    - RCTTypeSafety (= 0.64.2-5)
    - React-Core/RCTNetworkHeaders (= 0.64.2-5)
    - React-jsi (= 0.64.2-5)
    - ReactCommon/turbomodule/core (= 0.64.2-5)
  - React-RCTSettings (0.64.2-5):
    - FBReactNativeSpec (= 0.64.2-5)
    - RCT-Folly (= 2020.01.13.00)
    - RCTTypeSafety (= 0.64.2-5)
    - React-Core/RCTSettingsHeaders (= 0.64.2-5)
    - React-jsi (= 0.64.2-5)
    - ReactCommon/turbomodule/core (= 0.64.2-5)
  - React-RCTText (0.64.2-5):
    - React-Core/RCTTextHeaders (= 0.64.2-5)
  - React-runtimeexecutor (0.64.2-5):
    - React-jsi (= 0.64.2-5)
  - ReactCommon/turbomodule/core (0.64.2-5):
    - DoubleConversion
    - glog
    - RCT-Folly (= 2020.01.13.00)
    - React-callinvoker (= 0.64.2-5)
    - React-Core (= 0.64.2-5)
    - React-cxxreact (= 0.64.2-5)
    - React-jsi (= 0.64.2-5)
    - React-perflogger (= 0.64.2-5)
  - RNCAsyncStorage (1.15.15):
    - React-Core
  - RNCMaskedView (0.2.5):
    - React-Core
  - RNCPicker (2.1.0):
    - React-Core
  - RNDateTimePicker (3.5.2):
    - React-Core
  - RNGestureHandler (1.10.3):
    - React-Core
  - RNReanimated (2.2.4):
    - DoubleConversion
    - FBLazyVector
    - FBReactNativeSpec
    - glog
    - RCT-Folly
    - RCTRequired
    - RCTTypeSafety
    - React
    - React-callinvoker
    - React-Core
    - React-Core/DevSupport
    - React-Core/RCTWebSocket
    - React-CoreModules
    - React-cxxreact
    - React-jsi
    - React-jsiexecutor
    - React-jsinspector
    - React-RCTAnimation
    - React-RCTBlob
    - React-RCTImage
    - React-RCTLinking
    - React-RCTNetwork
    - React-RCTSettings
    - React-RCTText
    - ReactCommon/turbomodule/core
    - Yoga
  - RNScreens (3.8.0):
    - React-Core
    - React-RCTImage
  - RNSharedElement (0.8.2):
    - React
  - RNSVG (12.1.1):
    - React
  - SVGKit (2.1.1):
    - CocoaLumberjack (~> 3.0)
  - UMAppLoader (3.0.0)
  - UMTaskManagerInterface (7.0.1):
    - ExpoModulesCore
  - Yoga (1.14.0)

DEPENDENCIES:
  - DoubleConversion (from `../../../node_modules/react-native/third-party-podspecs/DoubleConversion.podspec`)
  - EXAmplitude (from `../../../packages/expo-analytics-amplitude/ios`)
  - EXAppAuth (from `../../../packages/expo-app-auth/ios`)
  - EXApplication (from `../../../packages/expo-application/ios`)
  - EXAV (from `../../../packages/expo-av/ios`)
  - EXBackgroundFetch (from `../../../packages/expo-background-fetch/ios`)
  - EXBattery (from `../../../packages/expo-battery/ios`)
  - EXBlur (from `../../../packages/expo-blur/ios`)
  - EXBrightness (from `../../../packages/expo-brightness/ios`)
  - EXCalendar (from `../../../packages/expo-calendar/ios`)
  - EXCellular (from `../../../packages/expo-cellular/ios`)
  - EXClipboard (from `../../../packages/expo-clipboard/ios`)
  - EXConstants (from `../../../packages/expo-constants/ios`)
  - EXContacts (from `../../../packages/expo-contacts/ios`)
  - EXCrypto (from `../../../packages/expo-crypto/ios`)
  - EXDevice (from `../../../packages/expo-device/ios`)
  - EXDocumentPicker (from `../../../packages/expo-document-picker/ios`)
  - EXErrorRecovery (from `../../../packages/expo-error-recovery/ios`)
  - EXFileSystem (from `../../../packages/expo-file-system/ios`)
  - EXFont (from `../../../packages/expo-font/ios`)
  - EXGL (from `../../../packages/expo-gl/ios`)
  - EXGL_CPP (from `../../../packages/expo-gl-cpp/cpp`)
  - EXImage (from `../../../packages/expo-image`)
  - EXImageLoader (from `../../../packages/expo-image-loader/ios`)
  - EXImageManipulator (from `../../../packages/expo-image-manipulator/ios`)
  - EXImagePicker (from `../../../packages/expo-image-picker/ios`)
  - EXInAppPurchases (from `../../../packages/expo-in-app-purchases/ios`)
  - EXJSONUtils (from `../../../packages/expo-json-utils/ios`)
  - EXKeepAwake (from `../../../packages/expo-keep-awake/ios`)
  - EXLinearGradient (from `../../../packages/expo-linear-gradient/ios`)
  - EXLocalAuthentication (from `../../../packages/expo-local-authentication/ios`)
  - EXLocalization (from `../../../packages/expo-localization/ios`)
  - EXLocation (from `../../../packages/expo-location/ios`)
  - EXMailComposer (from `../../../packages/expo-mail-composer/ios`)
  - EXManifests (from `../../../packages/expo-manifests/ios`)
  - EXMediaLibrary (from `../../../packages/expo-media-library/ios`)
  - EXNetwork (from `../../../packages/expo-network/ios`)
  - EXNotifications (from `../../../packages/expo-notifications/ios`)
  - EXPermissions (from `../../../packages/expo-permissions/ios`)
  - Expo (from `../../../packages/expo/ios`)
  - expo-dev-client (from `../../../packages/expo-dev-client`)
  - expo-dev-launcher (from `../../../packages/expo-dev-launcher`)
  - expo-dev-launcher/Tests (from `../../../packages/expo-dev-launcher`)
  - expo-dev-menu (from `../../../packages/expo-dev-menu`)
  - expo-dev-menu-interface (from `../../../packages/expo-dev-menu-interface`)
  - expo-dev-menu/Tests (from `../../../packages/expo-dev-menu`)
  - expo-dev-menu/UITests (from `../../../packages/expo-dev-menu`)
  - ExpoModulesCore (from `../../../packages/expo-modules-core/ios`)
  - EXPrint (from `../../../packages/expo-print/ios`)
  - EXRandom (from `../../../packages/expo-random/ios`)
  - EXScreenCapture (from `../../../packages/expo-screen-capture/ios`)
  - EXSecureStore (from `../../../packages/expo-secure-store/ios`)
  - EXSegment (from `../../../packages/expo-analytics-segment/ios`)
  - EXSensors (from `../../../packages/expo-sensors/ios`)
  - EXSharing (from `../../../packages/expo-sharing/ios`)
  - EXSMS (from `../../../packages/expo-sms/ios`)
  - EXSpeech (from `../../../packages/expo-speech/ios`)
  - EXSplashScreen (from `../../../packages/expo-splash-screen/ios`)
  - EXSQLite (from `../../../packages/expo-sqlite/ios`)
  - EXStoreReview (from `../../../packages/expo-store-review/ios`)
  - EXStructuredHeaders (from `../../../packages/expo-structured-headers/ios`)
  - EXTaskManager (from `../../../packages/expo-task-manager/ios`)
  - EXTrackingTransparency (from `../../../packages/expo-tracking-transparency/ios`)
  - EXUpdatesInterface (from `../../../packages/expo-updates-interface/ios`)
  - EXVideoThumbnails (from `../../../packages/expo-video-thumbnails/ios`)
  - FBLazyVector (from `../../../node_modules/react-native/Libraries/FBLazyVector`)
  - FBReactNativeSpec (from `../../../node_modules/react-native/React/FBReactNativeSpec`)
  - glog (from `../../../node_modules/react-native/third-party-podspecs/glog.podspec`)
  - Nimble (from `./../../../ios/Nimble.podspec`)
  - Quick (from `./../../../ios/Quick.podspec`)
  - RCT-Folly (from `../../../node_modules/react-native/third-party-podspecs/RCT-Folly.podspec`)
  - RCTRequired (from `../../../node_modules/react-native/Libraries/RCTRequired`)
  - RCTTypeSafety (from `../../../node_modules/react-native/Libraries/TypeSafety`)
  - React (from `../../../node_modules/react-native/`)
  - React-callinvoker (from `../../../node_modules/react-native/ReactCommon/callinvoker`)
  - React-Core (from `../../../node_modules/react-native/`)
  - React-Core/DevSupport (from `../../../node_modules/react-native/`)
  - React-Core/RCTWebSocket (from `../../../node_modules/react-native/`)
  - React-CoreModules (from `../../../node_modules/react-native/React/CoreModules`)
  - React-cxxreact (from `../../../node_modules/react-native/ReactCommon/cxxreact`)
  - React-jsi (from `../../../node_modules/react-native/ReactCommon/jsi`)
  - React-jsiexecutor (from `../../../node_modules/react-native/ReactCommon/jsiexecutor`)
  - React-jsinspector (from `../../../node_modules/react-native/ReactCommon/jsinspector`)
  - react-native-appearance (from `../../../node_modules/react-native-appearance`)
  - "react-native-netinfo (from `../../../node_modules/@react-native-community/netinfo`)"
  - react-native-safe-area-context (from `../../../node_modules/react-native-safe-area-context`)
  - "react-native-segmented-control (from `../../../node_modules/@react-native-segmented-control/segmented-control`)"
  - "react-native-slider (from `../../../node_modules/@react-native-community/slider`)"
  - react-native-view-shot (from `../../../node_modules/react-native-view-shot`)
  - "react-native-viewpager (from `../../../node_modules/@react-native-community/viewpager`)"
  - react-native-webview (from `../../../node_modules/react-native-webview`)
  - React-perflogger (from `../../../node_modules/react-native/ReactCommon/reactperflogger`)
  - React-RCTAnimation (from `../../../node_modules/react-native/Libraries/NativeAnimation`)
  - React-RCTBlob (from `../../../node_modules/react-native/Libraries/Blob`)
  - React-RCTImage (from `../../../node_modules/react-native/Libraries/Image`)
  - React-RCTLinking (from `../../../node_modules/react-native/Libraries/LinkingIOS`)
  - React-RCTNetwork (from `../../../node_modules/react-native/Libraries/Network`)
  - React-RCTSettings (from `../../../node_modules/react-native/Libraries/Settings`)
  - React-RCTText (from `../../../node_modules/react-native/Libraries/Text`)
  - React-runtimeexecutor (from `../../../node_modules/react-native/ReactCommon/runtimeexecutor`)
  - ReactCommon/turbomodule/core (from `../../../node_modules/react-native/ReactCommon`)
  - "RNCAsyncStorage (from `../../../node_modules/@react-native-async-storage/async-storage`)"
  - "RNCMaskedView (from `../../../node_modules/@react-native-masked-view/masked-view`)"
  - "RNCPicker (from `../../../node_modules/@react-native-picker/picker`)"
  - "RNDateTimePicker (from `../../../node_modules/@react-native-community/datetimepicker`)"
  - RNGestureHandler (from `../../../node_modules/react-native-gesture-handler`)
  - RNReanimated (from `../../../node_modules/react-native-reanimated`)
  - RNScreens (from `../../../node_modules/react-native-screens`)
  - RNSharedElement (from `../../../node_modules/react-native-shared-element`)
  - RNSVG (from `../../../node_modules/react-native-svg`)
  - UMAppLoader (from `../../../packages/unimodules-app-loader/ios`)
  - UMTaskManagerInterface (from `../../../packages/unimodules-task-manager-interface/ios`)
  - Yoga (from `../../../node_modules/react-native/ReactCommon/yoga`)

SPEC REPOS:
  trunk:
    - Amplitude
    - Analytics
    - AppAuth
    - boost-for-react-native
    - CocoaLumberjack
    - SVGKit

EXTERNAL SOURCES:
  DoubleConversion:
    :podspec: "../../../node_modules/react-native/third-party-podspecs/DoubleConversion.podspec"
  EXAmplitude:
    inhibit_warnings: false
    :path: "../../../packages/expo-analytics-amplitude/ios"
  EXAppAuth:
    inhibit_warnings: false
    :path: "../../../packages/expo-app-auth/ios"
  EXApplication:
    inhibit_warnings: false
    :path: "../../../packages/expo-application/ios"
  EXAV:
    inhibit_warnings: false
    :path: "../../../packages/expo-av/ios"
  EXBackgroundFetch:
    inhibit_warnings: false
    :path: "../../../packages/expo-background-fetch/ios"
  EXBattery:
    inhibit_warnings: false
    :path: "../../../packages/expo-battery/ios"
  EXBlur:
    inhibit_warnings: false
    :path: "../../../packages/expo-blur/ios"
  EXBrightness:
    inhibit_warnings: false
    :path: "../../../packages/expo-brightness/ios"
  EXCalendar:
    inhibit_warnings: false
    :path: "../../../packages/expo-calendar/ios"
  EXCellular:
    inhibit_warnings: false
    :path: "../../../packages/expo-cellular/ios"
  EXClipboard:
    inhibit_warnings: false
    :path: "../../../packages/expo-clipboard/ios"
  EXConstants:
    inhibit_warnings: false
    :path: "../../../packages/expo-constants/ios"
  EXContacts:
    inhibit_warnings: false
    :path: "../../../packages/expo-contacts/ios"
  EXCrypto:
    inhibit_warnings: false
    :path: "../../../packages/expo-crypto/ios"
  EXDevice:
    inhibit_warnings: false
    :path: "../../../packages/expo-device/ios"
  EXDocumentPicker:
    inhibit_warnings: false
    :path: "../../../packages/expo-document-picker/ios"
  EXErrorRecovery:
    inhibit_warnings: false
    :path: "../../../packages/expo-error-recovery/ios"
  EXFileSystem:
    inhibit_warnings: false
    :path: "../../../packages/expo-file-system/ios"
  EXFont:
    inhibit_warnings: false
    :path: "../../../packages/expo-font/ios"
  EXGL:
    inhibit_warnings: false
    :path: "../../../packages/expo-gl/ios"
  EXGL_CPP:
    inhibit_warnings: false
    :path: "../../../packages/expo-gl-cpp/cpp"
  EXImage:
    :path: "../../../packages/expo-image"
  EXImageLoader:
    inhibit_warnings: false
    :path: "../../../packages/expo-image-loader/ios"
  EXImageManipulator:
    inhibit_warnings: false
    :path: "../../../packages/expo-image-manipulator/ios"
  EXImagePicker:
    inhibit_warnings: false
    :path: "../../../packages/expo-image-picker/ios"
  EXInAppPurchases:
    inhibit_warnings: false
    :path: "../../../packages/expo-in-app-purchases/ios"
  EXJSONUtils:
    inhibit_warnings: false
    :path: "../../../packages/expo-json-utils/ios"
  EXKeepAwake:
    inhibit_warnings: false
    :path: "../../../packages/expo-keep-awake/ios"
  EXLinearGradient:
    inhibit_warnings: false
    :path: "../../../packages/expo-linear-gradient/ios"
  EXLocalAuthentication:
    inhibit_warnings: false
    :path: "../../../packages/expo-local-authentication/ios"
  EXLocalization:
    inhibit_warnings: false
    :path: "../../../packages/expo-localization/ios"
  EXLocation:
    inhibit_warnings: false
    :path: "../../../packages/expo-location/ios"
  EXMailComposer:
    inhibit_warnings: false
    :path: "../../../packages/expo-mail-composer/ios"
  EXManifests:
    inhibit_warnings: false
    :path: "../../../packages/expo-manifests/ios"
  EXMediaLibrary:
    inhibit_warnings: false
    :path: "../../../packages/expo-media-library/ios"
  EXNetwork:
    inhibit_warnings: false
    :path: "../../../packages/expo-network/ios"
  EXNotifications:
    inhibit_warnings: false
    :path: "../../../packages/expo-notifications/ios"
  EXPermissions:
    inhibit_warnings: false
    :path: "../../../packages/expo-permissions/ios"
  Expo:
    inhibit_warnings: false
    :path: "../../../packages/expo/ios"
  expo-dev-client:
    :path: "../../../packages/expo-dev-client"
  expo-dev-launcher:
    :path: "../../../packages/expo-dev-launcher"
  expo-dev-menu:
    :path: "../../../packages/expo-dev-menu"
  expo-dev-menu-interface:
    :path: "../../../packages/expo-dev-menu-interface"
  ExpoModulesCore:
    inhibit_warnings: false
    :path: "../../../packages/expo-modules-core/ios"
  EXPrint:
    inhibit_warnings: false
    :path: "../../../packages/expo-print/ios"
  EXRandom:
    :path: "../../../packages/expo-random/ios"
  EXScreenCapture:
    inhibit_warnings: false
    :path: "../../../packages/expo-screen-capture/ios"
  EXSecureStore:
    inhibit_warnings: false
    :path: "../../../packages/expo-secure-store/ios"
  EXSegment:
    inhibit_warnings: false
    :path: "../../../packages/expo-analytics-segment/ios"
  EXSensors:
    inhibit_warnings: false
    :path: "../../../packages/expo-sensors/ios"
  EXSharing:
    inhibit_warnings: false
    :path: "../../../packages/expo-sharing/ios"
  EXSMS:
    inhibit_warnings: false
    :path: "../../../packages/expo-sms/ios"
  EXSpeech:
    inhibit_warnings: false
    :path: "../../../packages/expo-speech/ios"
  EXSplashScreen:
    inhibit_warnings: false
    :path: "../../../packages/expo-splash-screen/ios"
  EXSQLite:
    inhibit_warnings: false
    :path: "../../../packages/expo-sqlite/ios"
  EXStoreReview:
    inhibit_warnings: false
    :path: "../../../packages/expo-store-review/ios"
  EXStructuredHeaders:
    inhibit_warnings: false
    :path: "../../../packages/expo-structured-headers/ios"
  EXTaskManager:
    inhibit_warnings: false
    :path: "../../../packages/expo-task-manager/ios"
  EXTrackingTransparency:
    inhibit_warnings: false
    :path: "../../../packages/expo-tracking-transparency/ios"
  EXUpdatesInterface:
    inhibit_warnings: false
    :path: "../../../packages/expo-updates-interface/ios"
  EXVideoThumbnails:
    inhibit_warnings: false
    :path: "../../../packages/expo-video-thumbnails/ios"
  FBLazyVector:
    :path: "../../../node_modules/react-native/Libraries/FBLazyVector"
  FBReactNativeSpec:
    :path: "../../../node_modules/react-native/React/FBReactNativeSpec"
  glog:
    :podspec: "../../../node_modules/react-native/third-party-podspecs/glog.podspec"
  Nimble:
    :podspec: "./../../../ios/Nimble.podspec"
  Quick:
    :podspec: "./../../../ios/Quick.podspec"
  RCT-Folly:
    :podspec: "../../../node_modules/react-native/third-party-podspecs/RCT-Folly.podspec"
  RCTRequired:
    :path: "../../../node_modules/react-native/Libraries/RCTRequired"
  RCTTypeSafety:
    :path: "../../../node_modules/react-native/Libraries/TypeSafety"
  React:
    :path: "../../../node_modules/react-native/"
  React-callinvoker:
    :path: "../../../node_modules/react-native/ReactCommon/callinvoker"
  React-Core:
    :path: "../../../node_modules/react-native/"
  React-CoreModules:
    :path: "../../../node_modules/react-native/React/CoreModules"
  React-cxxreact:
    :path: "../../../node_modules/react-native/ReactCommon/cxxreact"
  React-jsi:
    :path: "../../../node_modules/react-native/ReactCommon/jsi"
  React-jsiexecutor:
    :path: "../../../node_modules/react-native/ReactCommon/jsiexecutor"
  React-jsinspector:
    :path: "../../../node_modules/react-native/ReactCommon/jsinspector"
  react-native-appearance:
    :path: "../../../node_modules/react-native-appearance"
  react-native-netinfo:
    :path: "../../../node_modules/@react-native-community/netinfo"
  react-native-safe-area-context:
    :path: "../../../node_modules/react-native-safe-area-context"
  react-native-segmented-control:
    :path: "../../../node_modules/@react-native-segmented-control/segmented-control"
  react-native-slider:
    :path: "../../../node_modules/@react-native-community/slider"
  react-native-view-shot:
    :path: "../../../node_modules/react-native-view-shot"
  react-native-viewpager:
    :path: "../../../node_modules/@react-native-community/viewpager"
  react-native-webview:
    :path: "../../../node_modules/react-native-webview"
  React-perflogger:
    :path: "../../../node_modules/react-native/ReactCommon/reactperflogger"
  React-RCTAnimation:
    :path: "../../../node_modules/react-native/Libraries/NativeAnimation"
  React-RCTBlob:
    :path: "../../../node_modules/react-native/Libraries/Blob"
  React-RCTImage:
    :path: "../../../node_modules/react-native/Libraries/Image"
  React-RCTLinking:
    :path: "../../../node_modules/react-native/Libraries/LinkingIOS"
  React-RCTNetwork:
    :path: "../../../node_modules/react-native/Libraries/Network"
  React-RCTSettings:
    :path: "../../../node_modules/react-native/Libraries/Settings"
  React-RCTText:
    :path: "../../../node_modules/react-native/Libraries/Text"
  React-runtimeexecutor:
    :path: "../../../node_modules/react-native/ReactCommon/runtimeexecutor"
  ReactCommon:
    :path: "../../../node_modules/react-native/ReactCommon"
  RNCAsyncStorage:
    :path: "../../../node_modules/@react-native-async-storage/async-storage"
  RNCMaskedView:
    :path: "../../../node_modules/@react-native-masked-view/masked-view"
  RNCPicker:
    :path: "../../../node_modules/@react-native-picker/picker"
  RNDateTimePicker:
    :path: "../../../node_modules/@react-native-community/datetimepicker"
  RNGestureHandler:
    :path: "../../../node_modules/react-native-gesture-handler"
  RNReanimated:
    :path: "../../../node_modules/react-native-reanimated"
  RNScreens:
    :path: "../../../node_modules/react-native-screens"
  RNSharedElement:
    :path: "../../../node_modules/react-native-shared-element"
  RNSVG:
    :path: "../../../node_modules/react-native-svg"
  UMAppLoader:
    inhibit_warnings: false
    :path: "../../../packages/unimodules-app-loader/ios"
  UMTaskManagerInterface:
    inhibit_warnings: false
    :path: "../../../packages/unimodules-task-manager-interface/ios"
  Yoga:
    :path: "../../../node_modules/react-native/ReactCommon/yoga"

SPEC CHECKSUMS:
  Amplitude: cc34fcd8dfffc3470bc2e05f3a4abb0178f6d963
  Analytics: 231b01fdaa9704105881dc82def7b7b1d6571edb
  AppAuth: 31bcec809a638d7bd2f86ea8a52bd45f6e81e7c7
  boost-for-react-native: 39c7adb57c4e60d6c5479dd8623128eb5b3f0f2c
  CocoaLumberjack: 543c79c114dadc3b1aba95641d8738b06b05b646
  DoubleConversion: cde416483dac037923206447da6e1454df403714
  EXAmplitude: f90158dc93e532a9fe5eb2dbba16e869060fff4f
  EXAppAuth: ec05a2694a8c79034262d47a49dfd4e8b0afda12
  EXApplication: 6a60b9f10dfbb5174fc551cc419d219c7f9cf23a
  EXAV: 2b6e0b7d680dc3c5760ff0b6a71892bfc18150fd
  EXBackgroundFetch: 0672e68f93ac13c978ce78131c9cc9317ab2a352
  EXBattery: 347a2110246082f2f70144eb3e47823faad21475
  EXBlur: e2b08d4d929b6a32c899f1c25ba8baa7cf257dda
  EXBrightness: b6c17943c341b60373ff8bfb4cce42166fdad9c8
  EXCalendar: 260866243e08b6009efb9c507ee9b22a37ac7d2b
  EXCellular: a2a0608f14ded4f10c9ca9598e62e69f3b91c6f7
  EXClipboard: d30f8801e9e16edfb5f046564a039fe2b1c85c4f
  EXConstants: 6026f201853bff53742134b1211666a9a3b26f38
  EXContacts: fda77bd8d0734bd00ac20c2381ac87d3c8cb8055
  EXCrypto: f1a89b8e11240c36878c4844ff62c02fe9f7fc83
  EXDevice: 53d48621a27c63b9ff0e421dcea4d871c7aa11dd
  EXDocumentPicker: 1f51efe923ecc7468dc099b92a17c41d4c494b83
  EXErrorRecovery: 09eeac7b516cada846e249359b9840cd22308ccf
  EXFileSystem: 4640679fca7e98e3cc79f19db0e7a729ac975293
  EXFont: b3ecdc3dc8ac7e9cfbc6ee76a4a0441d5963ed3b
  EXGL: def2d8ca8bc4bef369d7a747875aefe77eaf49f2
  EXGL_CPP: b287b68e2bdb1b0da062f230a43fa91e8d3932b9
  EXImage: 1643914cef9bf6852b79a368aebaccaa4512160d
  EXImageLoader: 77c3f933c18434151a849ebbda73d59838044937
  EXImageManipulator: 640f964aef43a43fe012ebb0d95660608db8b91f
  EXImagePicker: 937765775dd46f0af5fbd4ff55a29155d98857bd
  EXInAppPurchases: fccfe23d0cb6e6a1a5da39dc9f2c4b4edf45edce
  EXJSONUtils: bb067fbb19fb36ae2480e65d2efbf6050c09e1bb
  EXKeepAwake: c3949ab7099e155e0df6bb855787e0684ef91221
  EXLinearGradient: 13c36eb46e3ffad80d8bcaf6f5509c3935228269
  EXLocalAuthentication: 00e712287089df6c3d7862623be12f79d5bba172
  EXLocalization: d92402f63d47e323eea2c84078500d5dca7409ab
  EXLocation: 3e14fed9a6ee6d72a6dfc41449aa091f75b09383
  EXMailComposer: e691350698672337705411b6d025cab349a2a395
  EXManifests: ec3792101d293e57b649f68f0561ac885d5680c3
  EXMediaLibrary: d112291c79984de3ab3261b1240ed0ec3557de30
  EXNetwork: b4ed20acf32a9dfe5bca76c6004e3c90755a1266
  EXNotifications: baf87932220bb7a802445be50586b1bf3fed04ac
  EXPermissions: df5c93503489ea294d3db8de24df7845bc09436d
  Expo: 4fefc588982564e9e59a1f6ad2337de633324e59
  expo-dev-client: eb696cf238353211e1e1328e680fd08ac0a715d7
  expo-dev-launcher: 2a6043225a1252b66f37c075e87db465a4eb2578
  expo-dev-menu: f337a657c21168f569b686bd65ff6673f59ba7aa
  expo-dev-menu-interface: 285b39c1c278551f522037cca6b833899e7891d2
  ExpoModulesCore: 2fa04e7fc2a42737fa8bf66884df9c0cd3114fbf
  EXPrint: 013039a8c4d78bf6615f006b05ccf79635e298ab
  EXRandom: 6e296cef601be3c3935f7a752bf911385c4cbe4c
  EXScreenCapture: 30f68ab89ac81ebe9285def2e37a950786d67a3f
  EXSecureStore: 29273e2d8e4d8425a91b7044093eeaa141ae8680
  EXSegment: 7a203c19ba5b11b65f83943969553dffad501c3e
  EXSensors: 7eaa76b73ca7d4479530a1b2c1876b0032fc63b4
  EXSharing: 837b0d4c418957e84a83c72135d09b6c4d851636
  EXSMS: 5be91827fa300189bbdd389e04a3237d3a432501
  EXSpeech: ebe1392006feb6d2189ee5882b99e97f9a03744b
  EXSplashScreen: f5234d5d85beaeeb8d94ae02fee0ffcca987c17d
  EXSQLite: c7ea8c036f3f2b06686790a79a03d01a7e95157d
  EXStoreReview: 943c7bdfaab1406eb2baf9bcca16d795cc87bd1e
  EXStructuredHeaders: 57ca39306bdf98ae4b65b59cc05e9eb34bbe0ae0
  EXTaskManager: 81b2fc63696f461da8065c7347bbb85d32b4b9d0
  EXTrackingTransparency: 9472a0b7d906cf771ac8889abc0210f64defe6df
  EXUpdatesInterface: 0661fc7f9d69300d036ee5307d5394c4fa25af3e
  EXVideoThumbnails: 120c55894150fdcd0a8f2cbb90ea99ee60960daf
  FBLazyVector: cf42e00f98e92fa35538d2476e8620df20e29c06
  FBReactNativeSpec: 192c43fee939e55f46191cbc906f86599cdcb327
  glog: 40a13f7840415b9a77023fbcae0f1e6f43192af3
  Nimble: 9ca39ec3cb156bbb8c27f4943fd4643d28729616
  Quick: 5dc45f9bc11236594a7acc99f7bd85ecdc9a477d
  RCT-Folly: ec7a233ccc97cc556cf7237f0db1ff65b986f27c
  RCTRequired: ec4fc450f9ac683cff7c669c51755f84f9b3ff30
  RCTTypeSafety: 23f90957083f691d74378c19afb4482bf177efea
  React: 9c3faf7cfe4fb0174333c6327b52411ab3285844
  React-callinvoker: 8a329fc606c58b10b4b7bd7322ceddfdb27b917f
  React-Core: 1e63324d1756e6ccd6fadf3e900bb33529de197c
  React-CoreModules: 820472dd3b99a6cd4855a201206104135063f065
  React-cxxreact: 1e4bd6c268b55bfcdea59dbde7982201f8e7f685
  React-jsi: ae6fb947e0313c42b5d26e96876d2b434afe1d3b
  React-jsiexecutor: 3b047fc9aa7677401a1a88f7c75eb68d717f75f1
  React-jsinspector: a8be0ea145510f47fd17f0b75cb5838615904a4b
  react-native-appearance: 0f0e5fc2fcef70e03d48c8fe6b00b9158c2ba8aa
  react-native-netinfo: 92e6e4476eb8bf6fc2d7c0a6ca0a1406f663d73a
  react-native-safe-area-context: 584dc04881deb49474363f3be89e4ca0e854c057
  react-native-segmented-control: a2715368c0671b1a1b7036279f22c8850026ba4d
  react-native-slider: 9a81c7804ae442fbd2a703bfa2f0de95f084431b
  react-native-view-shot: 862b1342dc6803dd3a616aeb8f6a7bca79ad3c2f
  react-native-viewpager: 6cf3f2ff9317f7c6a6a2f86d17963ebe7d0b6a14
  react-native-webview: df7c719326490d1cf9e911f99833dee9350487a1
  React-perflogger: 2d3ebb237fa4b9789056e8bc8633246f9cde8b16
  React-RCTAnimation: a675fe169586616cb5df683d641d9179b16197ef
  React-RCTBlob: 5a2df1ff06ee3baeecfd1c8ae42f5626637d6afd
  React-RCTImage: 9d3e26d0dc794ba0c548ca66e177b23adf204b8d
  React-RCTLinking: 13d6d2b6ba93d69e8ef13f081c0e1e7689690e31
  React-RCTNetwork: f5c28996e3e3a14fb5ce5b5b004149db47750f02
  React-RCTSettings: 779e7fdf0710495fab566aea553d4b5b70a5f2f9
  React-RCTText: 06694c80256ef8024ffd53c31e676ef73f5ca7ec
  React-runtimeexecutor: 7df07777e8b73bd7484cca48cc4696f55d2aa211
  ReactCommon: 639f05dc0a2372f62b4f8730424b81051eca6154
  RNCAsyncStorage: 0bef6a21517c0254bd6bd59a3672963abfa0d18e
  RNCMaskedView: b7a3b119b1d738734a9d761e4220c6850bb248a3
  RNCPicker: 783ceb58a0b03d52f895f9843de2f032a2735816
  RNDateTimePicker: 8131c08b6738cbcfcff8ce1ce26ceea05523d817
  RNGestureHandler: a479ebd5ed4221a810967000735517df0d2db211
  RNReanimated: 0c365e2bdb91f0bd4550f949d51f7b4c0548522b
  RNScreens: 6e1ea5787989f92b0671049b808aef64fa1ef98c
  RNSharedElement: 7004b901086056d859e515cc8de9238223d0ab31
  RNSVG: 551acb6562324b1d52a4e0758f7ca0ec234e278f
  SVGKit: 652cdf7bef8bec8564d04a8511d3ab50c7595fac
  UMAppLoader: ca82f117099204fec9f9d0021218f6e3249dbeef
  UMTaskManagerInterface: 3b6f5f38efbf2036a73b38d232f9fafa97455caa
  Yoga: d8eec3a8ab952af78fcc55b88ed87adaae30b6b7

PODFILE CHECKSUM: 46231f6c00a6157d2e9fed6e9a58ff42822b1d27

COCOAPODS: 1.11.2
